<?xml version="1.0" encoding="UTF-8"?>
<Scheme
   LastUpgradeVersion = "0920"
   version = "1.3">
   <BuildAction
      parallelizeBuildables = "YES"
      buildImplicitDependencies = "YES">
      <BuildActionEntries>
         <BuildActionEntry
            buildForTesting = "YES"
            buildForRunning = "YES"
            buildForProfiling = "YES"
            buildForArchiving = "YES"
            buildForAnalyzing = "YES">
            <BuildableReference
               BuildableIdentifier = "primary"
               BlueprintIdentifier = "E57CB95022C59AF20068119C"
               BuildableName = "davecc"
               BlueprintName = "davecc"
               ReferencedContainer = "container:c_compiler.xcodeproj">
            </BuildableReference>
         </BuildActionEntry>
      </BuildActionEntries>
   </BuildAction>
   <TestAction
      buildConfiguration = "Debug"
      selectedDebuggerIdentifier = "Xcode.DebuggerFoundation.Debugger.LLDB"
      selectedLauncherIdentifier = "Xcode.DebuggerFoundation.Launcher.LLDB"
      shouldUseLaunchSchemeArgsEnv = "YES">
      <MacroExpansion>
         <BuildableReference
            BuildableIdentifier = "primary"
            BlueprintIdentifier = "E57CB95022C59AF20068119C"
            BuildableName = "davecc"
            BlueprintName = "davecc"
            ReferencedContainer = "container:c_compiler.xcodeproj">
         </BuildableReference>
      </MacroExpansion>
      <Testables>
      </Testables>
   </TestAction>
   <LaunchAction
      buildConfiguration = "Debug"
      selectedDebuggerIdentifier = "Xcode.DebuggerFoundation.Debugger.LLDB"
      selectedLauncherIdentifier = "Xcode.DebuggerFoundation.Launcher.LLDB"
      launchStyle = "0"
      useCustomWorkingDirectory = "NO"
      ignoresPersistentStateOnLaunch = "NO"
      debugDocumentVersioning = "YES"
      debugServiceExtension = "internal"
      allowLocationSimulation = "YES">
      <BuildableProductRunnable
         runnableDebuggingMode = "0">
         <BuildableReference
            BuildableIdentifier = "primary"
            BlueprintIdentifier = "E57CB95022C59AF20068119C"
            BuildableName = "davecc"
            BlueprintName = "davecc"
            ReferencedContainer = "container:c_compiler.xcodeproj">
         </BuildableReference>
      </BuildableProductRunnable>
      <CommandLineArguments>
         <CommandLineArgument
            argument = "-c"
            isEnabled = "NO">
         </CommandLineArgument>
         <CommandLineArgument
            argument = "-S"
            isEnabled = "NO">
         </CommandLineArgument>
         <CommandLineArgument
            argument = "-Xbe-print"
            isEnabled = "YES">
         </CommandLineArgument>
         <CommandLineArgument
            argument = "-Xfe-print"
            isEnabled = "NO">
         </CommandLineArgument>
         <CommandLineArgument
            argument = "-Xkeep-asm"
            isEnabled = "YES">
         </CommandLineArgument>
         <CommandLineArgument
            argument = "@/Users/dallison/Google\ Drive/c_compiler/6502\ support/cc.args"
            isEnabled = "NO">
         </CommandLineArgument>
         <CommandLineArgument
            argument = "@/Users/dallison/Google\ Drive/c_compiler/libc/cc.args"
            isEnabled = "NO">
         </CommandLineArgument>
         <CommandLineArgument
            argument = "@/Users/dallison/Google\ Drive/c_compiler/floating_point/cc.args"
            isEnabled = "NO">
         </CommandLineArgument>
         <CommandLineArgument
            argument = "@/Users/dallison/Library/Developer/Xcode/DerivedData/c_compiler-adwiqtsoilcrkpbctrvzybaptreb/Build/Products/Debug/cc.args"
            isEnabled = "NO">
         </CommandLineArgument>
         <CommandLineArgument
            argument = "@/Users/dallison/Library/Developer/Xcode/DerivedData/c_compiler-adwiqtsoilcrkpbctrvzybaptreb/Build/Products/Debug/riscv.args"
            isEnabled = "NO">
         </CommandLineArgument>
         <CommandLineArgument
            argument = "@/Users/dallison/Library/Developer/Xcode/DerivedData/c_compiler-adwiqtsoilcrkpbctrvzybaptreb/Build/Products/Debug/arm.args"
            isEnabled = "YES">
         </CommandLineArgument>
         <CommandLineArgument
            argument = "-o"
            isEnabled = "NO">
         </CommandLineArgument>
         <CommandLineArgument
            argument = "-O2"
            isEnabled = "NO">
         </CommandLineArgument>
         <CommandLineArgument
            argument = "-O1"
            isEnabled = "NO">
         </CommandLineArgument>
         <CommandLineArgument
            argument = "-g"
            isEnabled = "NO">
         </CommandLineArgument>
         <CommandLineArgument
            argument = "ctype.c"
            isEnabled = "NO">
         </CommandLineArgument>
         <CommandLineArgument
            argument = "t.c"
            isEnabled = "NO">
         </CommandLineArgument>
         <CommandLineArgument
            argument = "&quot;/Users/dallison/Google Drive/c_compiler/6502 support/6502runtime.s&quot;"
            isEnabled = "NO">
         </CommandLineArgument>
         <CommandLineArgument
            argument = "&quot;-I/Users/dallison/Google Drive/c_compiler/6502 support&quot;"
            isEnabled = "NO">
         </CommandLineArgument>
         <CommandLineArgument
            argument = "-static"
            isEnabled = "NO">
         </CommandLineArgument>
         <CommandLineArgument
            argument = "&quot;/Users/dallison/Google Drive/c_compiler/6502 support/mul.s"
            isEnabled = "NO">
         </CommandLineArgument>
         <CommandLineArgument
            argument = "x.s"
            isEnabled = "NO">
         </CommandLineArgument>
         <CommandLineArgument
            argument = "rom.s"
            isEnabled = "NO">
         </CommandLineArgument>
         <CommandLineArgument
            argument = "spill.c"
            isEnabled = "NO">
         </CommandLineArgument>
         <CommandLineArgument
            argument = "-target"
            isEnabled = "NO">
         </CommandLineArgument>
         <CommandLineArgument
            argument = "riscv"
            isEnabled = "NO">
         </CommandLineArgument>
         <CommandLineArgument
            argument = "65c02"
            isEnabled = "NO">
         </CommandLineArgument>
         <CommandLineArgument
            argument = "-Wl,-tprogram"
            isEnabled = "NO">
         </CommandLineArgument>
         <CommandLineArgument
            argument = "@/Users/dallison/Google\ Drive/c_compiler/6502\ support/cc.args"
            isEnabled = "NO">
         </CommandLineArgument>
         <CommandLineArgument
            argument = "-static"
            isEnabled = "NO">
         </CommandLineArgument>
         <CommandLineArgument
            argument = "@/Users/dallison/cc.args"
            isEnabled = "NO">
         </CommandLineArgument>
         <CommandLineArgument
            argument = "@/Users/dallison/link.args"
            isEnabled = "NO">
         </CommandLineArgument>
         <CommandLineArgument
            argument = "@/Users/dallison/Google\ Drive/c_compiler/c_compiler/link.args"
            isEnabled = "NO">
         </CommandLineArgument>
         <CommandLineArgument
            argument = "@/Users/dallison/Google\ Drive/c_compiler/c_compiler/cc.args"
            isEnabled = "NO">
         </CommandLineArgument>
         <CommandLineArgument
            argument = "@/Users/dallison/Google\ Drive/c_compiler/c_compiler/6502.args"
            isEnabled = "NO">
         </CommandLineArgument>
         <CommandLineArgument
            argument = "@/Users/dallison/Google\ Drive/c_compiler/c_compiler/AR/cc.args"
            isEnabled = "NO">
         </CommandLineArgument>
         <CommandLineArgument
            argument = "@/Users/dallison/Google\ Drive/c_compiler/libc/link.args"
            isEnabled = "NO">
         </CommandLineArgument>
         <CommandLineArgument
            argument = "@/Users/dallison/Google\ Drive/c_compiler/libc/cc.args"
            isEnabled = "NO">
         </CommandLineArgument>
         <CommandLineArgument
            argument = "@/Users/dallison/Google\ Drive/c_compiler/c_compiler/ELF/cc.args"
            isEnabled = "NO">
         </CommandLineArgument>
         <CommandLineArgument
            argument = "@/Users/dallison/Google\ Drive/c_compiler/Linker/cc.args"
            isEnabled = "NO">
         </CommandLineArgument>
         <CommandLineArgument
            argument = "@/Users/dallison/Google\ Drive/c_compiler/c_compiler/Loader/cc.args"
            isEnabled = "NO">
         </CommandLineArgument>
         <CommandLineArgument
            argument = "@/Users/dallison/Google\ Drive/c_compiler/6502\ support/cc.args"
            isEnabled = "NO">
         </CommandLineArgument>
         <CommandLineArgument
            argument = "@/Users/dallison/Google\ Drive/c_compiler/6502\ support/link.args"
            isEnabled = "NO">
         </CommandLineArgument>
         <CommandLineArgument
            argument = "@/Users/dallison/Google\ Drive/c_compiler/6502\ support/80s/cc.args"
            isEnabled = "NO">
         </CommandLineArgument>
         <CommandLineArgument
            argument = "@/Users/dallison/Google\ Drive/c_compiler/6502\ support/Interpreter\ ROM/cc.args"
            isEnabled = "NO">
         </CommandLineArgument>
      </CommandLineArguments>
   </LaunchAction>
   <ProfileAction
      buildConfiguration = "Release"
      shouldUseLaunchSchemeArgsEnv = "YES"
      savedToolIdentifier = ""
      useCustomWorkingDirectory = "NO"
      debugDocumentVersioning = "YES">
      <BuildableProductRunnable
         runnableDebuggingMode = "0">
         <BuildableReference
            BuildableIdentifier = "primary"
            BlueprintIdentifier = "E57CB95022C59AF20068119C"
            BuildableName = "davecc"
            BlueprintName = "davecc"
            ReferencedContainer = "container:c_compiler.xcodeproj">
         </BuildableReference>
      </BuildableProductRunnable>
   </ProfileAction>
   <AnalyzeAction
      buildConfiguration = "Debug">
   </AnalyzeAction>
   <ArchiveAction
      buildConfiguration = "Release"
      revealArchiveInOrganizer = "YES">
   </ArchiveAction>
</Scheme>
